
Microsoft Visual Studio Solution File, Format Version 11.00
# Visual Studio 2010
Project("{888888A0-9F3D-457C-B088-3A5042F75D52}") = "io_export_bk3d", "io_export_bk3d.pyproj", "{FCF58F7C-0B9E-4B4E-B4E8-6625D7553532}"
EndProject
Global
	GlobalSection(SolutionConfigurationPlatforms) = preSolution
		Debug|Any CPU = Debug|Any CPU
		Release|Any CPU = Release|Any CPU
	EndGlobalSection
	GlobalSection(ProjectConfigurationPlatforms) = postSolution
		{FCF58F7C-0B9E-4B4E-B4E8-6625D7553532}.Debug|Any CPU.ActiveCfg = Debug|Any CPU
		{FCF58F7C-0B9E-4B4E-B4E8-6625D7553532}.Debug|Any CPU.Build.0 = Debug|Any CPU
		{FCF58F7C-0B9E-4B4E-B4E8-6625D7553532}.Release|Any CPU.ActiveCfg = Release|Any CPU
		{FCF58F7C-0B9E-4B4E-B4E8-6625D7553532}.Release|Any CPU.Build.0 = Release|Any CPU
	EndGlobalSection
	GlobalSection(SolutionProperties) = preSolution
		HideSolutionNode = FALSE
	EndGlobalSection
EndGlobal
